
Microsoft Visual Studio Solution File, Format Version 12.00
# Visual Studio Version 16
VisualStudioVersion = 16.0.29926.136
MinimumVisualStudioVersion = 10.0.40219.1
Project("{FAE04EC0-301F-11D3-BF4B-00C04F79EFBC}") = "LabWork1CompModel", "LabWork1CompModel.csproj", "{8001B26E-82F3-4C61-9D0A-B79ADABB6DD5}"
EndProject
Global
	GlobalSection(SolutionConfigurationPlatforms) = preSolution
		Debug|Any CPU = Debug|Any CPU
		Release|Any CPU = Release|Any CPU
	EndGlobalSection
	GlobalSection(ProjectConfigurationPlatforms) = postSolution
		{8001B26E-82F3-4C61-9D0A-B79ADABB6DD5}.Debug|Any CPU.ActiveCfg = Debug|Any CPU
		{8001B26E-82F3-4C61-9D0A-B79ADABB6DD5}.Debug|Any CPU.Build.0 = Debug|Any CPU
		{8001B26E-82F3-4C61-9D0A-B79ADABB6DD5}.Release|Any CPU.ActiveCfg = Release|Any CPU
		{8001B26E-82F3-4C61-9D0A-B79ADABB6DD5}.Release|Any CPU.Build.0 = Release|Any CPU
	EndGlobalSection
	GlobalSection(SolutionProperties) = preSolution
		HideSolutionNode = FALSE
	EndGlobalSection
	GlobalSection(ExtensibilityGlobals) = postSolution
		SolutionGuid = {AD0053E3-E39C-430C-9A67-A5DBA163FA42}
	EndGlobalSection
EndGlobal
